
Microsoft Visual Studio Solution File, Format Version 12.00
# Visual Studio Version 17
VisualStudioVersion = 17.4.33213.308
MinimumVisualStudioVersion = 10.0.40219.1
Project("{FAE04EC0-301F-11D3-BF4B-00C04F79EFBC}") = "ChequeWriter", "ChequeWriter\ChequeWriter.csproj", "{A89A4EC3-5035-4E60-87E7-89DE9CDCE114}"
EndProject
Global
	GlobalSection(SolutionConfigurationPlatforms) = preSolution
		Debug|Any CPU = Debug|Any CPU
		Release|Any CPU = Release|Any CPU
	EndGlobalSection
	GlobalSection(ProjectConfigurationPlatforms) = postSolution
		{A89A4EC3-5035-4E60-87E7-89DE9CDCE114}.Debug|Any CPU.ActiveCfg = Debug|Any CPU
		{A89A4EC3-5035-4E60-87E7-89DE9CDCE114}.Debug|Any CPU.Build.0 = Debug|Any CPU
		{A89A4EC3-5035-4E60-87E7-89DE9CDCE114}.Release|Any CPU.ActiveCfg = Release|Any CPU
		{A89A4EC3-5035-4E60-87E7-89DE9CDCE114}.Release|Any CPU.Build.0 = Release|Any CPU
	EndGlobalSection
	GlobalSection(SolutionProperties) = preSolution
		HideSolutionNode = FALSE
	EndGlobalSection
	GlobalSection(ExtensibilityGlobals) = postSolution
		SolutionGuid = {A7D352F6-C72A-438A-BB75-77FC202981C6}
	EndGlobalSection
EndGlobal
